
Microsoft Visual Studio Solution File, Format Version 12.00
# Visual Studio Version 17
VisualStudioVersion = 17.11.35208.52
MinimumVisualStudioVersion = 10.0.40219.1
Project("{8BC9CEB8-8B4A-11D0-8D11-00A0C91BC942}") = "1", "1\1.vcxproj", "{7A319C3E-FCE8-4FA5-90C3-01FA722C85FA}"
EndProject
Global
	GlobalSection(SolutionConfigurationPlatforms) = preSolution
		Debug|x64 = Debug|x64
		Debug|x86 = Debug|x86
		Release|x64 = Release|x64
		Release|x86 = Release|x86
	EndGlobalSection
	GlobalSection(ProjectConfigurationPlatforms) = postSolution
		{7A319C3E-FCE8-4FA5-90C3-01FA722C85FA}.Debug|x64.ActiveCfg = Debug|x64
		{7A319C3E-FCE8-4FA5-90C3-01FA722C85FA}.Debug|x64.Build.0 = Debug|x64
		{7A319C3E-FCE8-4FA5-90C3-01FA722C85FA}.Debug|x86.ActiveCfg = Debug|Win32
		{7A319C3E-FCE8-4FA5-90C3-01FA722C85FA}.Debug|x86.Build.0 = Debug|Win32
		{7A319C3E-FCE8-4FA5-90C3-01FA722C85FA}.Release|x64.ActiveCfg = Release|x64
		{7A319C3E-FCE8-4FA5-90C3-01FA722C85FA}.Release|x64.Build.0 = Release|x64
		{7A319C3E-FCE8-4FA5-90C3-01FA722C85FA}.Release|x86.ActiveCfg = Release|Win32
		{7A319C3E-FCE8-4FA5-90C3-01FA722C85FA}.Release|x86.Build.0 = Release|Win32
	EndGlobalSection
	GlobalSection(SolutionProperties) = preSolution
		HideSolutionNode = FALSE
	EndGlobalSection
	GlobalSection(ExtensibilityGlobals) = postSolution
		SolutionGuid = {F2DD5046-CFB8-43E8-8D10-0ABFE2F9FB2B}
	EndGlobalSection
EndGlobal
